
Microsoft Visual Studio Solution File, Format Version 12.00
# Visual Studio Version 16
VisualStudioVersion = 16.0.31702.278
MinimumVisualStudioVersion = 10.0.40219.1
Project("{FAE04EC0-301F-11D3-BF4B-00C04F79EFBC}") = "lab7", "lab7.csproj", "{2C1021B2-B84E-4AD0-8A9E-6745E01E3BB7}"
EndProject
Global
	GlobalSection(SolutionConfigurationPlatforms) = preSolution
		Debug|Any CPU = Debug|Any CPU
		Release|Any CPU = Release|Any CPU
	EndGlobalSection
	GlobalSection(ProjectConfigurationPlatforms) = postSolution
		{2C1021B2-B84E-4AD0-8A9E-6745E01E3BB7}.Debug|Any CPU.ActiveCfg = Debug|Any CPU
		{2C1021B2-B84E-4AD0-8A9E-6745E01E3BB7}.Debug|Any CPU.Build.0 = Debug|Any CPU
		{2C1021B2-B84E-4AD0-8A9E-6745E01E3BB7}.Release|Any CPU.ActiveCfg = Release|Any CPU
		{2C1021B2-B84E-4AD0-8A9E-6745E01E3BB7}.Release|Any CPU.Build.0 = Release|Any CPU
	EndGlobalSection
	GlobalSection(SolutionProperties) = preSolution
		HideSolutionNode = FALSE
	EndGlobalSection
	GlobalSection(ExtensibilityGlobals) = postSolution
		SolutionGuid = {99456E46-C2C0-4FD6-8A82-434DC05181ED}
	EndGlobalSection
EndGlobal
